// !$*UTF8*$!
{
	archiveVersion = 1;
	classes = {
	};
	objectVersion = 46;
	objects = {

/* Begin PBXBuildFile section */
		22E373181BD531A2005327D1 /* main.cpp in Sources */ = {isa = PBXBuildFile; fileRef = 22E373171BD531A1005327D1 /* main.cpp */; };
		22E3731F1BD531F1005327D1 /* OpenGL.framework in Frameworks */ = {isa = PBXBuildFile; fileRef = 22E3731E1BD531F1005327D1 /* OpenGL.framework */; };
		22E373211BD531F8005327D1 /* GLUT.framework in Frameworks */ = {isa = PBXBuildFile; fileRef = 22E373201BD531F8005327D1 /* GLUT.framework */; };
/* End PBXBuildFile section */

/* Begin PBXCopyFilesBuildPhase section */
		22E373121BD531A1005327D1 /* CopyFiles */ = {
			isa = PBXCopyFilesBuildPhase;
			buildActionMask = 2147483647;
			dstPath = /usr/share/man/man1/;
			dstSubfolderSpec = 0;
			files = (
			);
			runOnlyForDeploymentPostprocessing = 1;
		};
/* End PBXCopyFilesBuildPhase section */

/* Begin PBXFileReference section */
		22E373141BD531A1005327D1 /* Raycaster */ = {isa = PBXFileReference; explicitFileType = "compiled.mach-o.executable"; includeInIndex = 0; path = Raycaster; sourceTree = BUILT_PRODUCTS_DIR; };
		22E373171BD531A1005327D1 /* main.cpp */ = {isa = PBXFileReference; lastKnownFileType = sourcecode.cpp.cpp; path = main.cpp; sourceTree = "<group>"; };
		22E3731E1BD531F1005327D1 /* OpenGL.framework */ = {isa = PBXFileReference; lastKnownFileType = wrapper.framework; name = OpenGL.framework; path = System/Library/Frameworks/OpenGL.framework; sourceTree = SDKROOT; };
		22E373201BD531F8005327D1 /* GLUT.framework */ = {isa = PBXFileReference; lastKnownFileType = wrapper.framework; name = GLUT.framework; path = System/Library/Frameworks/GLUT.framework; sourceTree = SDKROOT; };
/* End PBXFileReference section */

/* Begin PBXFrameworksBuildPhase section */
		22E373111BD531A1005327D1 /* Frameworks */ = {
			isa = PBXFrameworksBuildPhase;
			buildActionMask = 2147483647;
			files = (
				22E373211BD531F8005327D1 /* GLUT.framework in Frameworks */,
				22E3731F1BD531F1005327D1 /* OpenGL.framework in Frameworks */,
			);
			runOnlyForDeploymentPostprocessing = 0;
		};
/* End PBXFrameworksBuildPhase section */

/* Begin PBXGroup section */
		22E3730B1BD531A1005327D1 = {
			isa = PBXGroup;
			children = (
				22E373201BD531F8005327D1 /* GLUT.framework */,
				22E3731E1BD531F1005327D1 /* OpenGL.framework */,
				22E373161BD531A1005327D1 /* Raycaster */,
				22E373151BD531A1005327D1 /* Products */,
			);
			sourceTree = "<group>";
		};
		22E373151BD531A1005327D1 /* Products */ = {
			isa = PBXGroup;
			children = (
				22E373141BD531A1005327D1 /* Raycaster */,
			);
			name = Products;
			sourceTree = "<group>";
		};
		22E373161BD531A1005327D1 /* Raycaster */ = {
			isa = PBXGroup;
			children = (
				22E373171BD531A1005327D1 /* main.cpp */,
			);
			path = Raycaster;
			sourceTree = "<group>";
		};
/* End PBXGroup section */

/* Begin PBXNativeTarget section */
		22E373131BD531A1005327D1 /* Raycaster */ = {
			isa = PBXNativeTarget;
			buildConfigurationList = 22E3731B1BD531A2005327D1 /* Build configuration list for PBXNativeTarget "Raycaster" */;
			buildPhases = (
				22E373101BD531A1005327D1 /* Sources */,
				22E373111BD531A1005327D1 /* Frameworks */,
				22E373121BD531A1005327D1 /* CopyFiles */,
			);
			buildRules = (
			);
			dependencies = (
			);
			name = Raycaster;
			productName = Raycaster;
			productReference = 22E373141BD531A1005327D1 /* Raycaster */;
			productType = "com.apple.product-type.tool";
		};
/* End PBXNativeTarget section */

/* Begin PBXProject section */
		22E3730C1BD531A1005327D1 /* Project object */ = {
			isa = PBXProject;
			attributes = {
				LastUpgradeCheck = 0700;
				ORGANIZATIONNAME = "Sam Raby";
				TargetAttributes = {
					22E373131BD531A1005327D1 = {
						CreatedOnToolsVersion = 7.0.1;
					};
				};
			};
			buildConfigurationList = 22E3730F1BD531A1005327D1 /* Build configuration list for PBXProject "Raycaster" */;
			compatibilityVersion = "Xcode 3.2";
			developmentRegion = English;
			hasScannedForEncodings = 0;
			knownRegions = (
				en,
			);
			mainGroup = 22E3730B1BD531A1005327D1;
			productRefGroup = 22E373151BD531A1005327D1 /* Products */;
			projectDirPath = "";
			projectRoot = "";
			targets = (
				22E373131BD531A1005327D1 /* Raycaster */,
			);
		};
/* End PBXProject section */

/* Begin PBXSourcesBuildPhase section */
		22E373101BD531A1005327D1 /* Sources */ = {
			isa = PBXSourcesBuildPhase;
			buildActionMask = 2147483647;
			files = (
				22E373181BD531A2005327D1 /* main.cpp in Sources */,
			);
			runOnlyForDeploymentPostprocessing = 0;
		};
/* End PBXSourcesBuildPhase section */

/* Begin XCBuildConfiguration section */
		22E373191BD531A2005327D1 /* Debug */ = {
			isa = XCBuildConfiguration;
			buildSettings = {
				ALWAYS_SEARCH_USER_PATHS = NO;
				CLANG_CXX_LANGUAGE_STANDARD = "gnu++0x";
				CLANG_CXX_LIBRARY = "libc++";
				CLANG_ENABLE_MODULES = YES;
				CLANG_ENABLE_OBJC_ARC = YES;
				CLANG_WARN_BOOL_CONVERSION = YES;
				CLANG_WARN_CONSTANT_CONVERSION = YES;
				CLANG_WARN_DIRECT_OBJC_ISA_USAGE = YES_ERROR;
				CLANG_WARN_EMPTY_BODY = YES;
				CLANG_WARN_ENUM_CONVERSION = YES;
				CLANG_WARN_INT_CONVERSION = YES;
				CLANG_WARN_OBJC_ROOT_CLASS = YES_ERROR;
				CLANG_WARN_UNREACHABLE_CODE = YES;
				CLANG_WARN__DUPLICATE_METHOD_MATCH = YES;
				COPY_PHASE_STRIP = NO;
				DEBUG_INFORMATION_FORMAT = dwarf;
				ENABLE_STRICT_OBJC_MSGSEND = YES;
				ENABLE_TESTABILITY = YES;
				GCC_C_LANGUAGE_STANDARD = gnu99;
				GCC_DYNAMIC_NO_PIC = NO;
				GCC_NO_COMMON_BLOCKS = YES;
				GCC_OPTIMIZATION_LEVEL = 0;
				GCC_PREPROCESSOR_DEFINITIONS = (
					"DEBUG=1",
					"$(inherited)",
				);
				GCC_WARN_64_TO_32_BIT_CONVERSION = YES;
				GCC_WARN_ABOUT_RETURN_TYPE = YES_ERROR;
				GCC_WARN_UNDECLARED_SELECTOR = YES;
				GCC_WARN_UNINITIALIZED_AUTOS = YES_AGGRESSIVE;
				GCC_WARN_UNUSED_FUNCTION = YES;
				GCC_WARN_UNUSED_VARIABLE = YES;
				MACOSX_DEPLOYMENT_TARGET = 10.10;
				MTL_ENABLE_DEBUG_INFO = YES;
				ONLY_ACTIVE_ARCH = YES;
				SDKROOT = macosx;
			};
			name = Debug;
		};
		22E3731A1BD531A2005327D1 /* Release */ = {
			isa = XCBuildConfiguration;
			buildSettings = {
				ALWAYS_SEARCH_USER_PATHS = NO;
				CLANG_CXX_LANGUAGE_STANDARD = "gnu++0x";
				CLANG_CXX_LIBRARY = "libc++";
				CLANG_ENABLE_MODULES = YES;
				CLANG_ENABLE_OBJC_ARC = YES;
				CLANG_WARN_BOOL_CONVERSION = YES;
				CLANG_WARN_CONSTANT_CONVERSION = YES;
				CLANG_WARN_DIRECT_OBJC_ISA_USAGE = YES_ERROR;
				CLANG_WARN_EMPTY_BODY = YES;
				CLANG_WARN_ENUM_CONVERSION = YES;
				CLANG_WARN_INT_CONVERSION = YES;
				CLANG_WARN_OBJC_ROOT_CLASS = YES_ERROR;
				CLANG_WARN_UNREACHABLE_CODE = YES;
				CLANG_WARN__DUPLICATE_METHOD_MATCH = YES;
				COPY_PHASE_STRIP = NO;
				DEBUG_INFORMATION_FORMAT = "dwarf-with-dsym";
				ENABLE_NS_ASSERTIONS = NO;
				ENABLE_STRICT_OBJC_MSGSEND = YES;
				GCC_C_LANGUAGE_STANDARD = gnu99;
				GCC_NO_COMMON_BLOCKS = YES;
				GCC_WARN_64_TO_32_BIT_CONVERSION = YES;
				GCC_WARN_ABOUT_RETURN_TYPE = YES_ERROR;
				GCC_WARN_UNDECLARED_SELECTOR = YES;
				GCC_WARN_UNINITIALIZED_AUTOS = YES_AGGRESSIVE;
				GCC_WARN_UNUSED_FUNCTION = YES;
				GCC_WARN_UNUSED_VARIABLE = YES;
				MACOSX_DEPLOYMENT_TARGET = 10.10;
				MTL_ENABLE_DEBUG_INFO = NO;
				SDKROOT = macosx;
			};
			name = Release;
		};
		22E3731C1BD531A2005327D1 /* Debug */ = {
			isa = XCBuildConfiguration;
			buildSettings = {
				PRODUCT_NAME = "$(TARGET_NAME)";
			};
			name = Debug;
		};
		22E3731D1BD531A2005327D1 /* Release */ = {
			isa = XCBuildConfiguration;
			buildSettings = {
				PRODUCT_NAME = "$(TARGET_NAME)";
			};
			name = Release;
		};
/* End XCBuildConfiguration section */

/* Begin XCConfigurationList section */
		22E3730F1BD531A1005327D1 /* Build configuration list for PBXProject "Raycaster" */ = {
			isa = XCConfigurationList;
			buildConfigurations = (
				22E373191BD531A2005327D1 /* Debug */,
				22E3731A1BD531A2005327D1 /* Release */,
			);
			defaultConfigurationIsVisible = 0;
			defaultConfigurationName = Release;
		};
		22E3731B1BD531A2005327D1 /* Build configuration list for PBXNativeTarget "Raycaster" */ = {
			isa = XCConfigurationList;
			buildConfigurations = (
				22E3731C1BD531A2005327D1 /* Debug */,
				22E3731D1BD531A2005327D1 /* Release */,
			);
			defaultConfigurationIsVisible = 0;
			defaultConfigurationName = Release;
		};
/* End XCConfigurationList section */
	};
	rootObject = 22E3730C1BD531A1005327D1 /* Project object */;
}
