// !$*UTF8*$!
{
	archiveVersion = 1;
	classes = {
	};
	objectVersion = 46;
	objects = {

/* Begin PBXBuildFile section */
		2271F44B1C07132800AFFE66 /* main.cpp in Sources */ = {isa = PBXBuildFile; fileRef = 2271F44A1C07132800AFFE66 /* main.cpp */; };
		2271F4521C0713C100AFFE66 /* OpenGL.framework in Frameworks */ = {isa = PBXBuildFile; fileRef = 2271F4511C0713C100AFFE66 /* OpenGL.framework */; };
		2271F4541C0713C900AFFE66 /* GLUT.framework in Frameworks */ = {isa = PBXBuildFile; fileRef = 2271F4531C0713C900AFFE66 /* GLUT.framework */; };
		2271F4561C0713E300AFFE66 /* float2.h in Sources */ = {isa = PBXBuildFile; fileRef = 2271F4551C0713E300AFFE66 /* float2.h */; };
		2271F4581C0713FD00AFFE66 /* float3.h in Sources */ = {isa = PBXBuildFile; fileRef = 2271F4571C0713FD00AFFE66 /* float3.h */; };
		2271F45C1C07164000AFFE66 /* Mesh.cpp in Sources */ = {isa = PBXBuildFile; fileRef = 2271F45B1C07164000AFFE66 /* Mesh.cpp */; };
		2271F45E1C07164700AFFE66 /* Mesh.h in Sources */ = {isa = PBXBuildFile; fileRef = 2271F45D1C07164700AFFE66 /* Mesh.h */; };
		22E3BF9E1C072921001D3A74 /* stb_image.c in Sources */ = {isa = PBXBuildFile; fileRef = 22E3BF9D1C072921001D3A74 /* stb_image.c */; };
/* End PBXBuildFile section */

/* Begin PBXCopyFilesBuildPhase section */
		2271F4451C07132800AFFE66 /* CopyFiles */ = {
			isa = PBXCopyFilesBuildPhase;
			buildActionMask = 2147483647;
			dstPath = /usr/share/man/man1/;
			dstSubfolderSpec = 0;
			files = (
			);
			runOnlyForDeploymentPostprocessing = 1;
		};
/* End PBXCopyFilesBuildPhase section */

/* Begin PBXFileReference section */
		2271F4471C07132800AFFE66 /* 3D Game */ = {isa = PBXFileReference; explicitFileType = "compiled.mach-o.executable"; includeInIndex = 0; path = "3D Game"; sourceTree = BUILT_PRODUCTS_DIR; };
		2271F44A1C07132800AFFE66 /* main.cpp */ = {isa = PBXFileReference; lastKnownFileType = sourcecode.cpp.cpp; path = main.cpp; sourceTree = "<group>"; };
		2271F4511C0713C100AFFE66 /* OpenGL.framework */ = {isa = PBXFileReference; lastKnownFileType = wrapper.framework; name = OpenGL.framework; path = System/Library/Frameworks/OpenGL.framework; sourceTree = SDKROOT; };
		2271F4531C0713C900AFFE66 /* GLUT.framework */ = {isa = PBXFileReference; lastKnownFileType = wrapper.framework; name = GLUT.framework; path = System/Library/Frameworks/GLUT.framework; sourceTree = SDKROOT; };
		2271F4551C0713E300AFFE66 /* float2.h */ = {isa = PBXFileReference; lastKnownFileType = sourcecode.c.h; name = float2.h; path = ../../../float2.h; sourceTree = "<group>"; };
		2271F4571C0713FD00AFFE66 /* float3.h */ = {isa = PBXFileReference; lastKnownFileType = sourcecode.c.h; name = float3.h; path = ../Raycaster/Raycaster/float3.h; sourceTree = "<group>"; };
		2271F4591C0714C900AFFE66 /* mesh */ = {isa = PBXFileReference; lastKnownFileType = folder; path = mesh; sourceTree = "<group>"; };
		2271F45B1C07164000AFFE66 /* Mesh.cpp */ = {isa = PBXFileReference; lastKnownFileType = sourcecode.cpp.cpp; name = Mesh.cpp; path = "3D Game/mesh/Mesh.cpp"; sourceTree = "<group>"; };
		2271F45D1C07164700AFFE66 /* Mesh.h */ = {isa = PBXFileReference; lastKnownFileType = sourcecode.c.h; name = Mesh.h; path = "3D Game/mesh/Mesh.h"; sourceTree = "<group>"; };
		22E3BF9D1C072921001D3A74 /* stb_image.c */ = {isa = PBXFileReference; lastKnownFileType = sourcecode.c.c; name = stb_image.c; path = "3D Game/mesh/stb_image.c"; sourceTree = "<group>"; };
/* End PBXFileReference section */

/* Begin PBXFrameworksBuildPhase section */
		2271F4441C07132800AFFE66 /* Frameworks */ = {
			isa = PBXFrameworksBuildPhase;
			buildActionMask = 2147483647;
			files = (
				2271F4541C0713C900AFFE66 /* GLUT.framework in Frameworks */,
				2271F4521C0713C100AFFE66 /* OpenGL.framework in Frameworks */,
			);
			runOnlyForDeploymentPostprocessing = 0;
		};
/* End PBXFrameworksBuildPhase section */

/* Begin PBXGroup section */
		2271F43E1C07132800AFFE66 = {
			isa = PBXGroup;
			children = (
				22E3BF9D1C072921001D3A74 /* stb_image.c */,
				2271F45D1C07164700AFFE66 /* Mesh.h */,
				2271F45B1C07164000AFFE66 /* Mesh.cpp */,
				2271F4571C0713FD00AFFE66 /* float3.h */,
				2271F4551C0713E300AFFE66 /* float2.h */,
				2271F4531C0713C900AFFE66 /* GLUT.framework */,
				2271F4511C0713C100AFFE66 /* OpenGL.framework */,
				2271F4491C07132800AFFE66 /* 3D Game */,
				2271F4481C07132800AFFE66 /* Products */,
			);
			sourceTree = "<group>";
		};
		2271F4481C07132800AFFE66 /* Products */ = {
			isa = PBXGroup;
			children = (
				2271F4471C07132800AFFE66 /* 3D Game */,
			);
			name = Products;
			sourceTree = "<group>";
		};
		2271F4491C07132800AFFE66 /* 3D Game */ = {
			isa = PBXGroup;
			children = (
				2271F4591C0714C900AFFE66 /* mesh */,
				2271F44A1C07132800AFFE66 /* main.cpp */,
			);
			path = "3D Game";
			sourceTree = "<group>";
		};
/* End PBXGroup section */

/* Begin PBXNativeTarget section */
		2271F4461C07132800AFFE66 /* 3D Game */ = {
			isa = PBXNativeTarget;
			buildConfigurationList = 2271F44E1C07132800AFFE66 /* Build configuration list for PBXNativeTarget "3D Game" */;
			buildPhases = (
				2271F4431C07132800AFFE66 /* Sources */,
				2271F4441C07132800AFFE66 /* Frameworks */,
				2271F4451C07132800AFFE66 /* CopyFiles */,
			);
			buildRules = (
			);
			dependencies = (
			);
			name = "3D Game";
			productName = "3D Game";
			productReference = 2271F4471C07132800AFFE66 /* 3D Game */;
			productType = "com.apple.product-type.tool";
		};
/* End PBXNativeTarget section */

/* Begin PBXProject section */
		2271F43F1C07132800AFFE66 /* Project object */ = {
			isa = PBXProject;
			attributes = {
				LastUpgradeCheck = 0710;
				ORGANIZATIONNAME = "Sam Raby";
				TargetAttributes = {
					2271F4461C07132800AFFE66 = {
						CreatedOnToolsVersion = 7.1.1;
					};
				};
			};
			buildConfigurationList = 2271F4421C07132800AFFE66 /* Build configuration list for PBXProject "3D Game" */;
			compatibilityVersion = "Xcode 3.2";
			developmentRegion = English;
			hasScannedForEncodings = 0;
			knownRegions = (
				en,
			);
			mainGroup = 2271F43E1C07132800AFFE66;
			productRefGroup = 2271F4481C07132800AFFE66 /* Products */;
			projectDirPath = "";
			projectRoot = "";
			targets = (
				2271F4461C07132800AFFE66 /* 3D Game */,
			);
		};
/* End PBXProject section */

/* Begin PBXSourcesBuildPhase section */
		2271F4431C07132800AFFE66 /* Sources */ = {
			isa = PBXSourcesBuildPhase;
			buildActionMask = 2147483647;
			files = (
				2271F45E1C07164700AFFE66 /* Mesh.h in Sources */,
				22E3BF9E1C072921001D3A74 /* stb_image.c in Sources */,
				2271F45C1C07164000AFFE66 /* Mesh.cpp in Sources */,
				2271F4581C0713FD00AFFE66 /* float3.h in Sources */,
				2271F4561C0713E300AFFE66 /* float2.h in Sources */,
				2271F44B1C07132800AFFE66 /* main.cpp in Sources */,
			);
			runOnlyForDeploymentPostprocessing = 0;
		};
/* End PBXSourcesBuildPhase section */

/* Begin XCBuildConfiguration section */
		2271F44C1C07132800AFFE66 /* Debug */ = {
			isa = XCBuildConfiguration;
			buildSettings = {
				ALWAYS_SEARCH_USER_PATHS = NO;
				CLANG_CXX_LANGUAGE_STANDARD = "gnu++0x";
				CLANG_CXX_LIBRARY = "libc++";
				CLANG_ENABLE_MODULES = YES;
				CLANG_ENABLE_OBJC_ARC = YES;
				CLANG_WARN_BOOL_CONVERSION = YES;
				CLANG_WARN_CONSTANT_CONVERSION = YES;
				CLANG_WARN_DIRECT_OBJC_ISA_USAGE = YES_ERROR;
				CLANG_WARN_EMPTY_BODY = YES;
				CLANG_WARN_ENUM_CONVERSION = YES;
				CLANG_WARN_INT_CONVERSION = YES;
				CLANG_WARN_OBJC_ROOT_CLASS = YES_ERROR;
				CLANG_WARN_UNREACHABLE_CODE = YES;
				CLANG_WARN__DUPLICATE_METHOD_MATCH = YES;
				CODE_SIGN_IDENTITY = "-";
				COPY_PHASE_STRIP = NO;
				DEBUG_INFORMATION_FORMAT = dwarf;
				ENABLE_STRICT_OBJC_MSGSEND = YES;
				ENABLE_TESTABILITY = YES;
				GCC_C_LANGUAGE_STANDARD = gnu99;
				GCC_DYNAMIC_NO_PIC = NO;
				GCC_NO_COMMON_BLOCKS = YES;
				GCC_OPTIMIZATION_LEVEL = 0;
				GCC_PREPROCESSOR_DEFINITIONS = (
					"DEBUG=1",
					"$(inherited)",
				);
				GCC_WARN_64_TO_32_BIT_CONVERSION = YES;
				GCC_WARN_ABOUT_RETURN_TYPE = YES_ERROR;
				GCC_WARN_UNDECLARED_SELECTOR = YES;
				GCC_WARN_UNINITIALIZED_AUTOS = YES_AGGRESSIVE;
				GCC_WARN_UNUSED_FUNCTION = YES;
				GCC_WARN_UNUSED_VARIABLE = YES;
				MACOSX_DEPLOYMENT_TARGET = 10.10;
				MTL_ENABLE_DEBUG_INFO = YES;
				ONLY_ACTIVE_ARCH = YES;
				SDKROOT = macosx;
			};
			name = Debug;
		};
		2271F44D1C07132800AFFE66 /* Release */ = {
			isa = XCBuildConfiguration;
			buildSettings = {
				ALWAYS_SEARCH_USER_PATHS = NO;
				CLANG_CXX_LANGUAGE_STANDARD = "gnu++0x";
				CLANG_CXX_LIBRARY = "libc++";
				CLANG_ENABLE_MODULES = YES;
				CLANG_ENABLE_OBJC_ARC = YES;
				CLANG_WARN_BOOL_CONVERSION = YES;
				CLANG_WARN_CONSTANT_CONVERSION = YES;
				CLANG_WARN_DIRECT_OBJC_ISA_USAGE = YES_ERROR;
				CLANG_WARN_EMPTY_BODY = YES;
				CLANG_WARN_ENUM_CONVERSION = YES;
				CLANG_WARN_INT_CONVERSION = YES;
				CLANG_WARN_OBJC_ROOT_CLASS = YES_ERROR;
				CLANG_WARN_UNREACHABLE_CODE = YES;
				CLANG_WARN__DUPLICATE_METHOD_MATCH = YES;
				CODE_SIGN_IDENTITY = "-";
				COPY_PHASE_STRIP = NO;
				DEBUG_INFORMATION_FORMAT = "dwarf-with-dsym";
				ENABLE_NS_ASSERTIONS = NO;
				ENABLE_STRICT_OBJC_MSGSEND = YES;
				GCC_C_LANGUAGE_STANDARD = gnu99;
				GCC_NO_COMMON_BLOCKS = YES;
				GCC_WARN_64_TO_32_BIT_CONVERSION = YES;
				GCC_WARN_ABOUT_RETURN_TYPE = YES_ERROR;
				GCC_WARN_UNDECLARED_SELECTOR = YES;
				GCC_WARN_UNINITIALIZED_AUTOS = YES_AGGRESSIVE;
				GCC_WARN_UNUSED_FUNCTION = YES;
				GCC_WARN_UNUSED_VARIABLE = YES;
				MACOSX_DEPLOYMENT_TARGET = 10.10;
				MTL_ENABLE_DEBUG_INFO = NO;
				SDKROOT = macosx;
			};
			name = Release;
		};
		2271F44F1C07132800AFFE66 /* Debug */ = {
			isa = XCBuildConfiguration;
			buildSettings = {
				GCC_WARN_ABOUT_DEPRECATED_FUNCTIONS = NO;
				PRODUCT_NAME = "$(TARGET_NAME)";
			};
			name = Debug;
		};
		2271F4501C07132800AFFE66 /* Release */ = {
			isa = XCBuildConfiguration;
			buildSettings = {
				GCC_WARN_ABOUT_DEPRECATED_FUNCTIONS = NO;
				PRODUCT_NAME = "$(TARGET_NAME)";
			};
			name = Release;
		};
/* End XCBuildConfiguration section */

/* Begin XCConfigurationList section */
		2271F4421C07132800AFFE66 /* Build configuration list for PBXProject "3D Game" */ = {
			isa = XCConfigurationList;
			buildConfigurations = (
				2271F44C1C07132800AFFE66 /* Debug */,
				2271F44D1C07132800AFFE66 /* Release */,
			);
			defaultConfigurationIsVisible = 0;
			defaultConfigurationName = Release;
		};
		2271F44E1C07132800AFFE66 /* Build configuration list for PBXNativeTarget "3D Game" */ = {
			isa = XCConfigurationList;
			buildConfigurations = (
				2271F44F1C07132800AFFE66 /* Debug */,
				2271F4501C07132800AFFE66 /* Release */,
			);
			defaultConfigurationIsVisible = 0;
			defaultConfigurationName = Release;
		};
/* End XCConfigurationList section */
	};
	rootObject = 2271F43F1C07132800AFFE66 /* Project object */;
}
